
Microsoft Visual Studio Solution File, Format Version 12.00
# Visual Studio Version 16
VisualStudioVersion = 16.0.30611.23
MinimumVisualStudioVersion = 10.0.40219.1
Project("{FAE04EC0-301F-11D3-BF4B-00C04F79EFBC}") = "Reflexion", "ReflexionMetraprogramacion\Reflexion.csproj", "{58E7978F-0D22-4648-9DF9-7753D522D0A1}"
EndProject
Global
	GlobalSection(SolutionConfigurationPlatforms) = preSolution
		Debug|Any CPU = Debug|Any CPU
		Release|Any CPU = Release|Any CPU
	EndGlobalSection
	GlobalSection(ProjectConfigurationPlatforms) = postSolution
		{58E7978F-0D22-4648-9DF9-7753D522D0A1}.Debug|Any CPU.ActiveCfg = Debug|Any CPU
		{58E7978F-0D22-4648-9DF9-7753D522D0A1}.Debug|Any CPU.Build.0 = Debug|Any CPU
		{58E7978F-0D22-4648-9DF9-7753D522D0A1}.Release|Any CPU.ActiveCfg = Release|Any CPU
		{58E7978F-0D22-4648-9DF9-7753D522D0A1}.Release|Any CPU.Build.0 = Release|Any CPU
	EndGlobalSection
	GlobalSection(SolutionProperties) = preSolution
		HideSolutionNode = FALSE
	EndGlobalSection
	GlobalSection(ExtensibilityGlobals) = postSolution
		SolutionGuid = {D127FA8F-CF92-4D66-84EB-C95DA6784F4A}
	EndGlobalSection
EndGlobal
